# lwpt.lock - generated by lwpt; do not edit by hand.
version = 3

[package.httpclient]
source = "frostney/lwpt"
resolvedRef = "0.7.0"
resolvedCommit = "360227fcd3f123af1a5d08735832e84c1bd4c3af"
sourceIdentity = "git|https://github.com/frostney/lwpt.git|exclude=**/*.Test.pas|exclude=**/Tests.*.pas|include=packages/httpclient/**"
constraintFingerprint = "sha256:7c894743a216f32cbcb695c075d55aac2ab425d2a0b7afe5b87b2036b0ccd0b8"
resolvedURL = "https://github.com/frostney/lwpt/archive/360227fcd3f123af1a5d08735832e84c1bd4c3af.tar.gz"
computedHash = "sha256:356a99135e665a187832272f0f526ee50f97f1aacd2e5592be19c69ed183d212"
archiveHash = "sha256:a8f0d4e406eb8c1f0e4bf669a06b2c47f11b67fb421e97bec8a5ca5e020c8e7a"

[package.testing]
source = "frostney/lwpt"
resolvedRef = "0.7.0"
resolvedCommit = "360227fcd3f123af1a5d08735832e84c1bd4c3af"
sourceIdentity = "git|https://github.com/frostney/lwpt.git|exclude=**/*.Test.pas|include=packages/testing/**"
constraintFingerprint = "sha256:1167594c8a440cab2df75020665111ee6e33a746a6704d189a72d86b38d79f85"
resolvedURL = "https://github.com/frostney/lwpt/archive/360227fcd3f123af1a5d08735832e84c1bd4c3af.tar.gz"
computedHash = "sha256:8fe5a5e1176557e57324aa13879b9b438e6b3e2f6176df94171bc85c303c2e35"
archiveHash = "sha256:a8f0d4e406eb8c1f0e4bf669a06b2c47f11b67fb421e97bec8a5ca5e020c8e7a"

[package.cli]
source = "frostney/lwpt"
resolvedRef = "0.7.0"
resolvedCommit = "360227fcd3f123af1a5d08735832e84c1bd4c3af"
sourceIdentity = "git|https://github.com/frostney/lwpt.git|exclude=**/*.Test.pas|include=packages/cli/**"
constraintFingerprint = "sha256:dcc8e2af4375fea2d3306c6df2def8bb4ca52520b9ec9c915772b187959b1853"
resolvedURL = "https://github.com/frostney/lwpt/archive/360227fcd3f123af1a5d08735832e84c1bd4c3af.tar.gz"
computedHash = "sha256:b85e0ea0bf347009214700febd8f47fab99d1a7529fa51808c84fc8f8a1808e7"
archiveHash = "sha256:a8f0d4e406eb8c1f0e4bf669a06b2c47f11b67fb421e97bec8a5ca5e020c8e7a"
