# lwpt.lock - generated by lwpt; do not edit by hand.
version = 3

[package.httpclient]
source = "frostney/lwpt"
resolvedRef = "0.6.0"
resolvedCommit = "dcab75b04df539cee97ad9a1bb590d7f14b051ad"
sourceIdentity = "git|https://github.com/frostney/lwpt.git|exclude=**/*.Test.pas|exclude=**/Tests.*.pas|include=packages/httpclient/**"
constraintFingerprint = "sha256:3e726be452a48561337d4d5dc8dae59a1d5fb12740dd86c77b44b9bca084bdd8"
resolvedURL = "https://github.com/frostney/lwpt/archive/dcab75b04df539cee97ad9a1bb590d7f14b051ad.tar.gz"
computedHash = "sha256:356a99135e665a187832272f0f526ee50f97f1aacd2e5592be19c69ed183d212"
archiveHash = "sha256:8543f871d32f146dcbcceb6478802cc28a0f5182cff728fded8544dc44682775"

[package.testing]
source = "frostney/lwpt"
resolvedRef = "0.6.0"
resolvedCommit = "dcab75b04df539cee97ad9a1bb590d7f14b051ad"
sourceIdentity = "git|https://github.com/frostney/lwpt.git|exclude=**/*.Test.pas|include=packages/testing/**"
constraintFingerprint = "sha256:7e3e636543754051e8ac7f5a5e4fd219e24128ce22f0a27316f3d0594e4645c5"
resolvedURL = "https://github.com/frostney/lwpt/archive/dcab75b04df539cee97ad9a1bb590d7f14b051ad.tar.gz"
computedHash = "sha256:30707fbd9136c1b8dfa944b8fdccbac2d189e06f5131ae581735b6cefeaa196e"
archiveHash = "sha256:8543f871d32f146dcbcceb6478802cc28a0f5182cff728fded8544dc44682775"

[package.cli]
source = "frostney/lwpt"
resolvedRef = "0.6.0"
resolvedCommit = "dcab75b04df539cee97ad9a1bb590d7f14b051ad"
sourceIdentity = "git|https://github.com/frostney/lwpt.git|exclude=**/*.Test.pas|include=packages/cli/**"
constraintFingerprint = "sha256:9a24f9bf1d82b05c0158d5333fa794ff470a9ba065fe1333e1c50804f644c8cd"
resolvedURL = "https://github.com/frostney/lwpt/archive/dcab75b04df539cee97ad9a1bb590d7f14b051ad.tar.gz"
computedHash = "sha256:b85e0ea0bf347009214700febd8f47fab99d1a7529fa51808c84fc8f8a1808e7"
archiveHash = "sha256:8543f871d32f146dcbcceb6478802cc28a0f5182cff728fded8544dc44682775"
