# lwpt.lock - generated by lwpt; do not edit by hand.
version = 3

[package.httpclient]
source = "frostney/lwpt"
resolvedRef = "0.2.0"
resolvedURL = "https://github.com/frostney/lwpt/archive/0.2.0.tar.gz"
computedHash = "sha256:ed82f8c383dd4c4b9feb3c4075cfe6ce5803ea913d5ef82b212fbae0102d4c9f"
archiveHash = "sha256:f0cfd07ec5e2bd5f68cb99311f7722ff16505278a141cd95205f7f879b6400d0"

[package.testing]
source = "frostney/lwpt"
resolvedRef = "0.2.0"
resolvedURL = "https://github.com/frostney/lwpt/archive/0.2.0.tar.gz"
computedHash = "sha256:3f70068a26b9ebd58cf6768c052baec8a455407355ece0b4b16cd37376471cc9"
archiveHash = "sha256:f0cfd07ec5e2bd5f68cb99311f7722ff16505278a141cd95205f7f879b6400d0"

[package.cli]
source = "frostney/lwpt"
resolvedRef = "0.2.0"
resolvedURL = "https://github.com/frostney/lwpt/archive/0.2.0.tar.gz"
computedHash = "sha256:8c5771c5dfac28ea124f860495e2143ae0b157f221ab25e8954d9861e12c7fc9"
archiveHash = "sha256:f0cfd07ec5e2bd5f68cb99311f7722ff16505278a141cd95205f7f879b6400d0"
